<?xml version="1.0" encoding="UTF-8" standalone="yes" ?>
<CodeBlocks_project_file>
	<FileVersion major="1" minor="6" />
	<Project>
		<Option title="EncryptedChatClient" />
		<Option pch_mode="2" />
		<Option compiler="gcc" />
		<Build>
			<Target title="Debug">
				<Option output="bin/Debug/EncryptedChatClient" prefix_auto="1" extension_auto="1" />
				<Option object_output="obj/Debug/" />
				<Option type="1" />
				<Option compiler="gcc" />
				<Compiler>
					<Add option="-g" />
				</Compiler>
				<Linker>
					<Add option="-lwsock32" />
				</Linker>
			</Target>
			<Target title="Release">
				<Option output="bin/Release/EncryptedChatClient" prefix_auto="1" extension_auto="1" />
				<Option object_output="obj/Release/" />
				<Option type="1" />
				<Option compiler="gcc" />
				<Compiler>
					<Add option="-O2" />
				</Compiler>
				<Linker>
					<Add option="-s" />
				</Linker>
			</Target>
		</Build>
		<Compiler>
			<Add option="-Wall" />
			<Add option="-fexceptions" />
		</Compiler>
		<Unit filename="AES.cpp" />
		<Unit filename="AES.h" />
		<Unit filename="Crypto++/3way.cpp" />
		<Unit filename="Crypto++/adler32.cpp" />
		<Unit filename="Crypto++/algebra.cpp" />
		<Unit filename="Crypto++/algparam.cpp" />
		<Unit filename="Crypto++/arc4.cpp" />
		<Unit filename="Crypto++/aria.cpp" />
		<Unit filename="Crypto++/aria_simd.cpp" />
		<Unit filename="Crypto++/ariatab.cpp" />
		<Unit filename="Crypto++/asn.cpp" />
		<Unit filename="Crypto++/authenc.cpp" />
		<Unit filename="Crypto++/base32.cpp" />
		<Unit filename="Crypto++/base64.cpp" />
		<Unit filename="Crypto++/basecode.cpp" />
		<Unit filename="Crypto++/bench1.cpp" />
		<Unit filename="Crypto++/bench2.cpp" />
		<Unit filename="Crypto++/bench3.cpp" />
		<Unit filename="Crypto++/bfinit.cpp" />
		<Unit filename="Crypto++/blake2.cpp" />
		<Unit filename="Crypto++/blake2b_simd.cpp" />
		<Unit filename="Crypto++/blake2s_simd.cpp" />
		<Unit filename="Crypto++/blowfish.cpp" />
		<Unit filename="Crypto++/blumshub.cpp" />
		<Unit filename="Crypto++/camellia.cpp" />
		<Unit filename="Crypto++/cast.cpp" />
		<Unit filename="Crypto++/casts.cpp" />
		<Unit filename="Crypto++/cbcmac.cpp" />
		<Unit filename="Crypto++/ccm.cpp" />
		<Unit filename="Crypto++/chacha.cpp" />
		<Unit filename="Crypto++/chacha_avx.cpp" />
		<Unit filename="Crypto++/chacha_simd.cpp" />
		<Unit filename="Crypto++/chachapoly.cpp" />
		<Unit filename="Crypto++/cham.cpp" />
		<Unit filename="Crypto++/cham_simd.cpp" />
		<Unit filename="Crypto++/channels.cpp" />
		<Unit filename="Crypto++/cmac.cpp" />
		<Unit filename="Crypto++/cpu.cpp" />
		<Unit filename="Crypto++/crc.cpp" />
		<Unit filename="Crypto++/crc_simd.cpp" />
		<Unit filename="Crypto++/cryptlib.cpp" />
		<Unit filename="Crypto++/darn.cpp" />
		<Unit filename="Crypto++/datatest.cpp" />
		<Unit filename="Crypto++/default.cpp" />
		<Unit filename="Crypto++/des.cpp" />
		<Unit filename="Crypto++/dessp.cpp" />
		<Unit filename="Crypto++/dh.cpp" />
		<Unit filename="Crypto++/dh2.cpp" />
		<Unit filename="Crypto++/dll.cpp" />
		<Unit filename="Crypto++/dlltest.cpp" />
		<Unit filename="Crypto++/donna_32.cpp" />
		<Unit filename="Crypto++/donna_64.cpp" />
		<Unit filename="Crypto++/donna_sse.cpp" />
		<Unit filename="Crypto++/dsa.cpp" />
		<Unit filename="Crypto++/eax.cpp" />
		<Unit filename="Crypto++/ec2n.cpp" />
		<Unit filename="Crypto++/eccrypto.cpp" />
		<Unit filename="Crypto++/ecp.cpp" />
		<Unit filename="Crypto++/elgamal.cpp" />
		<Unit filename="Crypto++/emsa2.cpp" />
		<Unit filename="Crypto++/eprecomp.cpp" />
		<Unit filename="Crypto++/esign.cpp" />
		<Unit filename="Crypto++/files.cpp" />
		<Unit filename="Crypto++/filters.cpp" />
		<Unit filename="Crypto++/fips140.cpp" />
		<Unit filename="Crypto++/fipsalgt.cpp" />
		<Unit filename="Crypto++/fipstest.cpp" />
		<Unit filename="Crypto++/gcm.cpp" />
		<Unit filename="Crypto++/gcm_simd.cpp" />
		<Unit filename="Crypto++/gf256.cpp" />
		<Unit filename="Crypto++/gf2_32.cpp" />
		<Unit filename="Crypto++/gf2n.cpp" />
		<Unit filename="Crypto++/gf2n_simd.cpp" />
		<Unit filename="Crypto++/gfpcrypt.cpp" />
		<Unit filename="Crypto++/gost.cpp" />
		<Unit filename="Crypto++/gzip.cpp" />
		<Unit filename="Crypto++/hc128.cpp" />
		<Unit filename="Crypto++/hc256.cpp" />
		<Unit filename="Crypto++/hex.cpp" />
		<Unit filename="Crypto++/hight.cpp" />
		<Unit filename="Crypto++/hmac.cpp" />
		<Unit filename="Crypto++/hrtimer.cpp" />
		<Unit filename="Crypto++/ida.cpp" />
		<Unit filename="Crypto++/idea.cpp" />
		<Unit filename="Crypto++/integer.cpp" />
		<Unit filename="Crypto++/iterhash.cpp" />
		<Unit filename="Crypto++/kalyna.cpp" />
		<Unit filename="Crypto++/kalynatab.cpp" />
		<Unit filename="Crypto++/keccak.cpp" />
		<Unit filename="Crypto++/keccak_core.cpp" />
		<Unit filename="Crypto++/keccak_simd.cpp" />
		<Unit filename="Crypto++/lea.cpp" />
		<Unit filename="Crypto++/lea_simd.cpp" />
		<Unit filename="Crypto++/luc.cpp" />
		<Unit filename="Crypto++/mars.cpp" />
		<Unit filename="Crypto++/marss.cpp" />
		<Unit filename="Crypto++/md2.cpp" />
		<Unit filename="Crypto++/md4.cpp" />
		<Unit filename="Crypto++/md5.cpp" />
		<Unit filename="Crypto++/misc.cpp" />
		<Unit filename="Crypto++/modes.cpp" />
		<Unit filename="Crypto++/mqueue.cpp" />
		<Unit filename="Crypto++/mqv.cpp" />
		<Unit filename="Crypto++/nbtheory.cpp" />
		<Unit filename="Crypto++/neon_simd.cpp" />
		<Unit filename="Crypto++/oaep.cpp" />
		<Unit filename="Crypto++/osrng.cpp" />
		<Unit filename="Crypto++/padlkrng.cpp" />
		<Unit filename="Crypto++/panama.cpp" />
		<Unit filename="Crypto++/pch.cpp" />
		<Unit filename="Crypto++/pkcspad.cpp" />
		<Unit filename="Crypto++/poly1305.cpp" />
		<Unit filename="Crypto++/polynomi.cpp" />
		<Unit filename="Crypto++/ppc_power7.cpp" />
		<Unit filename="Crypto++/ppc_power8.cpp" />
		<Unit filename="Crypto++/ppc_power9.cpp" />
		<Unit filename="Crypto++/ppc_simd.cpp" />
		<Unit filename="Crypto++/pssr.cpp" />
		<Unit filename="Crypto++/pubkey.cpp" />
		<Unit filename="Crypto++/queue.cpp" />
		<Unit filename="Crypto++/rabbit.cpp" />
		<Unit filename="Crypto++/rabin.cpp" />
		<Unit filename="Crypto++/randpool.cpp" />
		<Unit filename="Crypto++/rc2.cpp" />
		<Unit filename="Crypto++/rc5.cpp" />
		<Unit filename="Crypto++/rc6.cpp" />
		<Unit filename="Crypto++/rdrand.cpp" />
		<Unit filename="Crypto++/rdtables.cpp" />
		<Unit filename="Crypto++/regtest1.cpp" />
		<Unit filename="Crypto++/regtest2.cpp" />
		<Unit filename="Crypto++/regtest3.cpp" />
		<Unit filename="Crypto++/regtest4.cpp" />
		<Unit filename="Crypto++/rijndael.cpp" />
		<Unit filename="Crypto++/rijndael_simd.cpp" />
		<Unit filename="Crypto++/ripemd.cpp" />
		<Unit filename="Crypto++/rng.cpp" />
		<Unit filename="Crypto++/rsa.cpp" />
		<Unit filename="Crypto++/rw.cpp" />
		<Unit filename="Crypto++/safer.cpp" />
		<Unit filename="Crypto++/salsa.cpp" />
		<Unit filename="Crypto++/scrypt.cpp" />
		<Unit filename="Crypto++/seal.cpp" />
		<Unit filename="Crypto++/seed.cpp" />
		<Unit filename="Crypto++/serpent.cpp" />
		<Unit filename="Crypto++/sha.cpp" />
		<Unit filename="Crypto++/sha3.cpp" />
		<Unit filename="Crypto++/sha_simd.cpp" />
		<Unit filename="Crypto++/shacal2.cpp" />
		<Unit filename="Crypto++/shacal2_simd.cpp" />
		<Unit filename="Crypto++/shake.cpp" />
		<Unit filename="Crypto++/shark.cpp" />
		<Unit filename="Crypto++/sharkbox.cpp" />
		<Unit filename="Crypto++/simeck.cpp" />
		<Unit filename="Crypto++/simeck_simd.cpp" />
		<Unit filename="Crypto++/simon.cpp" />
		<Unit filename="Crypto++/simon128_simd.cpp" />
		<Unit filename="Crypto++/simon64_simd.cpp" />
		<Unit filename="Crypto++/simple.cpp" />
		<Unit filename="Crypto++/skipjack.cpp" />
		<Unit filename="Crypto++/sm3.cpp" />
		<Unit filename="Crypto++/sm4.cpp" />
		<Unit filename="Crypto++/sm4_simd.cpp" />
		<Unit filename="Crypto++/sosemanuk.cpp" />
		<Unit filename="Crypto++/speck.cpp" />
		<Unit filename="Crypto++/speck128_simd.cpp" />
		<Unit filename="Crypto++/speck64_simd.cpp" />
		<Unit filename="Crypto++/square.cpp" />
		<Unit filename="Crypto++/squaretb.cpp" />
		<Unit filename="Crypto++/sse_simd.cpp" />
		<Unit filename="Crypto++/strciphr.cpp" />
		<Unit filename="Crypto++/tea.cpp" />
		<Unit filename="Crypto++/test.cpp" />
		<Unit filename="Crypto++/tftables.cpp" />
		<Unit filename="Crypto++/threefish.cpp" />
		<Unit filename="Crypto++/tiger.cpp" />
		<Unit filename="Crypto++/tigertab.cpp" />
		<Unit filename="Crypto++/ttmac.cpp" />
		<Unit filename="Crypto++/tweetnacl.cpp" />
		<Unit filename="Crypto++/twofish.cpp" />
		<Unit filename="Crypto++/validat0.cpp" />
		<Unit filename="Crypto++/validat1.cpp" />
		<Unit filename="Crypto++/validat10.cpp" />
		<Unit filename="Crypto++/validat2.cpp" />
		<Unit filename="Crypto++/validat3.cpp" />
		<Unit filename="Crypto++/validat4.cpp" />
		<Unit filename="Crypto++/validat5.cpp" />
		<Unit filename="Crypto++/validat6.cpp" />
		<Unit filename="Crypto++/validat7.cpp" />
		<Unit filename="Crypto++/validat8.cpp" />
		<Unit filename="Crypto++/validat9.cpp" />
		<Unit filename="Crypto++/vmac.cpp" />
		<Unit filename="Crypto++/wake.cpp" />
		<Unit filename="Crypto++/whrlpool.cpp" />
		<Unit filename="Crypto++/xed25519.cpp" />
		<Unit filename="Crypto++/xtr.cpp" />
		<Unit filename="Crypto++/xtrcrypt.cpp" />
		<Unit filename="Crypto++/zdeflate.cpp" />
		<Unit filename="Crypto++/zinflate.cpp" />
		<Unit filename="Crypto++/zlib.cpp" />
		<Unit filename="main.cpp" />
		<Extensions>
			<code_completion />
			<envvars />
			<debugger />
			<lib_finder disable_auto="1" />
		</Extensions>
	</Project>
</CodeBlocks_project_file>
